// !$*UTF8*$!
{
	archiveVersion = 1;
	classes = {
	};
	objectVersion = 46;
	objects = {

/* Begin PBXBuildFile section */
		5F50DC351F17FF7852F4BA21 /* Pods_watchOSsample.framework in Frameworks */ = {isa = PBXBuildFile; fileRef = 108D0996D34C4D5A7A17131D /* Pods_watchOSsample.framework */; settings = {ATTRIBUTES = (Weak, ); }; };
		6D0C5C2F296BA6DB2BBCE2C4 /* Pods_watchOSsample_WatchKit_Extension.framework in Frameworks */ = {isa = PBXBuildFile; fileRef = 00AFD3B965457E9B653FC4FA /* Pods_watchOSsample_WatchKit_Extension.framework */; settings = {ATTRIBUTES = (Weak, ); }; };
		A129F8C41B2CA81600EBC1DD /* AppDelegate.swift in Sources */ = {isa = PBXBuildFile; fileRef = A129F8C31B2CA81600EBC1DD /* AppDelegate.swift */; };
		A129F8C61B2CA81600EBC1DD /* ViewController.swift in Sources */ = {isa = PBXBuildFile; fileRef = A129F8C51B2CA81600EBC1DD /* ViewController.swift */; };
		A129F8C91B2CA81600EBC1DD /* Main.storyboard in Resources */ = {isa = PBXBuildFile; fileRef = A129F8C71B2CA81600EBC1DD /* Main.storyboard */; };
		A129F8CB1B2CA81600EBC1DD /* Assets.xcassets in Resources */ = {isa = PBXBuildFile; fileRef = A129F8CA1B2CA81600EBC1DD /* Assets.xcassets */; };
		A129F8CE1B2CA81600EBC1DD /* LaunchScreen.storyboard in Resources */ = {isa = PBXBuildFile; fileRef = A129F8CC1B2CA81600EBC1DD /* LaunchScreen.storyboard */; };
		A129F8D31B2CA81600EBC1DD /* watchOSsample WatchKit App.app in Embed Watch Content */ = {isa = PBXBuildFile; fileRef = A129F8D21B2CA81600EBC1DD /* watchOSsample WatchKit App.app */; };
		A129F8D91B2CA81600EBC1DD /* Interface.storyboard in Resources */ = {isa = PBXBuildFile; fileRef = A129F8D71B2CA81600EBC1DD /* Interface.storyboard */; };
		A129F8DB1B2CA81600EBC1DD /* Assets.xcassets in Resources */ = {isa = PBXBuildFile; fileRef = A129F8DA1B2CA81600EBC1DD /* Assets.xcassets */; };
		A129F8E21B2CA81600EBC1DD /* watchOSsample WatchKit Extension.appex in Embed App Extensions */ = {isa = PBXBuildFile; fileRef = A129F8E11B2CA81600EBC1DD /* watchOSsample WatchKit Extension.appex */; settings = {ATTRIBUTES = (RemoveHeadersOnCopy, ); }; };
		A129F8E71B2CA81600EBC1DD /* InterfaceController.swift in Sources */ = {isa = PBXBuildFile; fileRef = A129F8E61B2CA81600EBC1DD /* InterfaceController.swift */; };
		A129F8E91B2CA81700EBC1DD /* ExtensionDelegate.swift in Sources */ = {isa = PBXBuildFile; fileRef = A129F8E81B2CA81700EBC1DD /* ExtensionDelegate.swift */; };
		A129F8EB1B2CA81700EBC1DD /* Assets.xcassets in Resources */ = {isa = PBXBuildFile; fileRef = A129F8EA1B2CA81700EBC1DD /* Assets.xcassets */; };
/* End PBXBuildFile section */

/* Begin PBXContainerItemProxy section */
		A129F8D41B2CA81600EBC1DD /* PBXContainerItemProxy */ = {
			isa = PBXContainerItemProxy;
			containerPortal = A129F8B81B2CA81600EBC1DD /* Project object */;
			proxyType = 1;
			remoteGlobalIDString = A129F8D11B2CA81600EBC1DD;
			remoteInfo = "watchOSsample WatchKit App";
		};
		A129F8E31B2CA81600EBC1DD /* PBXContainerItemProxy */ = {
			isa = PBXContainerItemProxy;
			containerPortal = A129F8B81B2CA81600EBC1DD /* Project object */;
			proxyType = 1;
			remoteGlobalIDString = A129F8E01B2CA81600EBC1DD;
			remoteInfo = "watchOSsample WatchKit Extension";
		};
/* End PBXContainerItemProxy section */

/* Begin PBXCopyFilesBuildPhase section */
		A129F8F21B2CA81700EBC1DD /* Embed App Extensions */ = {
			isa = PBXCopyFilesBuildPhase;
			buildActionMask = 2147483647;
			dstPath = "";
			dstSubfolderSpec = 13;
			files = (
				A129F8E21B2CA81600EBC1DD /* watchOSsample WatchKit Extension.appex in Embed App Extensions */,
			);
			name = "Embed App Extensions";
			runOnlyForDeploymentPostprocessing = 0;
		};
		A129F8F61B2CA81700EBC1DD /* Embed Watch Content */ = {
			isa = PBXCopyFilesBuildPhase;
			buildActionMask = 2147483647;
			dstPath = "$(CONTENTS_FOLDER_PATH)/Watch";
			dstSubfolderSpec = 16;
			files = (
				A129F8D31B2CA81600EBC1DD /* watchOSsample WatchKit App.app in Embed Watch Content */,
			);
			name = "Embed Watch Content";
			runOnlyForDeploymentPostprocessing = 0;
		};
/* End PBXCopyFilesBuildPhase section */

/* Begin PBXFileReference section */
		00AFD3B965457E9B653FC4FA /* Pods_watchOSsample_WatchKit_Extension.framework */ = {isa = PBXFileReference; explicitFileType = wrapper.framework; includeInIndex = 0; path = Pods_watchOSsample_WatchKit_Extension.framework; sourceTree = BUILT_PRODUCTS_DIR; };
		0539203D9A659C81EF9E063E /* Pods-watchOSsample.debug.xcconfig */ = {isa = PBXFileReference; includeInIndex = 1; lastKnownFileType = text.xcconfig; name = "Pods-watchOSsample.debug.xcconfig"; path = "Pods/Target Support Files/Pods-watchOSsample/Pods-watchOSsample.debug.xcconfig"; sourceTree = "<group>"; };
		108D0996D34C4D5A7A17131D /* Pods_watchOSsample.framework */ = {isa = PBXFileReference; explicitFileType = wrapper.framework; includeInIndex = 0; path = Pods_watchOSsample.framework; sourceTree = BUILT_PRODUCTS_DIR; };
		1151D74A507123ACE9A5564D /* Pods-watchOSsample.release.xcconfig */ = {isa = PBXFileReference; includeInIndex = 1; lastKnownFileType = text.xcconfig; name = "Pods-watchOSsample.release.xcconfig"; path = "Pods/Target Support Files/Pods-watchOSsample/Pods-watchOSsample.release.xcconfig"; sourceTree = "<group>"; };
		709FF953918764CB4BC0E00F /* Pods-watchOSsample WatchKit Extension.release.xcconfig */ = {isa = PBXFileReference; includeInIndex = 1; lastKnownFileType = text.xcconfig; name = "Pods-watchOSsample WatchKit Extension.release.xcconfig"; path = "Pods/Target Support Files/Pods-watchOSsample WatchKit Extension/Pods-watchOSsample WatchKit Extension.release.xcconfig"; sourceTree = "<group>"; };
		A129F8C01B2CA81600EBC1DD /* watchOSsample.app */ = {isa = PBXFileReference; explicitFileType = wrapper.application; includeInIndex = 0; path = watchOSsample.app; sourceTree = BUILT_PRODUCTS_DIR; };
		A129F8C31B2CA81600EBC1DD /* AppDelegate.swift */ = {isa = PBXFileReference; lastKnownFileType = sourcecode.swift; path = AppDelegate.swift; sourceTree = "<group>"; };
		A129F8C51B2CA81600EBC1DD /* ViewController.swift */ = {isa = PBXFileReference; lastKnownFileType = sourcecode.swift; path = ViewController.swift; sourceTree = "<group>"; };
		A129F8C81B2CA81600EBC1DD /* Base */ = {isa = PBXFileReference; lastKnownFileType = file.storyboard; name = Base; path = Base.lproj/Main.storyboard; sourceTree = "<group>"; };
		A129F8CA1B2CA81600EBC1DD /* Assets.xcassets */ = {isa = PBXFileReference; lastKnownFileType = folder.assetcatalog; path = Assets.xcassets; sourceTree = "<group>"; };
		A129F8CD1B2CA81600EBC1DD /* Base */ = {isa = PBXFileReference; lastKnownFileType = file.storyboard; name = Base; path = Base.lproj/LaunchScreen.storyboard; sourceTree = "<group>"; };
		A129F8CF1B2CA81600EBC1DD /* Info.plist */ = {isa = PBXFileReference; lastKnownFileType = text.plist.xml; path = Info.plist; sourceTree = "<group>"; };
		A129F8D21B2CA81600EBC1DD /* watchOSsample WatchKit App.app */ = {isa = PBXFileReference; explicitFileType = wrapper.application; includeInIndex = 0; path = "watchOSsample WatchKit App.app"; sourceTree = BUILT_PRODUCTS_DIR; };
		A129F8D81B2CA81600EBC1DD /* Base */ = {isa = PBXFileReference; lastKnownFileType = file.storyboard; name = Base; path = Base.lproj/Interface.storyboard; sourceTree = "<group>"; };
		A129F8DA1B2CA81600EBC1DD /* Assets.xcassets */ = {isa = PBXFileReference; lastKnownFileType = folder.assetcatalog; path = Assets.xcassets; sourceTree = "<group>"; };
		A129F8DC1B2CA81600EBC1DD /* Info.plist */ = {isa = PBXFileReference; lastKnownFileType = text.plist.xml; path = Info.plist; sourceTree = "<group>"; };
		A129F8E11B2CA81600EBC1DD /* watchOSsample WatchKit Extension.appex */ = {isa = PBXFileReference; explicitFileType = "wrapper.app-extension"; includeInIndex = 0; path = "watchOSsample WatchKit Extension.appex"; sourceTree = BUILT_PRODUCTS_DIR; };
		A129F8E61B2CA81600EBC1DD /* InterfaceController.swift */ = {isa = PBXFileReference; lastKnownFileType = sourcecode.swift; path = InterfaceController.swift; sourceTree = "<group>"; };
		A129F8E81B2CA81700EBC1DD /* ExtensionDelegate.swift */ = {isa = PBXFileReference; lastKnownFileType = sourcecode.swift; path = ExtensionDelegate.swift; sourceTree = "<group>"; };
		A129F8EA1B2CA81700EBC1DD /* Assets.xcassets */ = {isa = PBXFileReference; lastKnownFileType = folder.assetcatalog; path = Assets.xcassets; sourceTree = "<group>"; };
		A129F8EC1B2CA81700EBC1DD /* Info.plist */ = {isa = PBXFileReference; lastKnownFileType = text.plist.xml; path = Info.plist; sourceTree = "<group>"; };
		EBD748147ECAEBA7A0F882F7 /* Pods-watchOSsample WatchKit Extension.debug.xcconfig */ = {isa = PBXFileReference; includeInIndex = 1; lastKnownFileType = text.xcconfig; name = "Pods-watchOSsample WatchKit Extension.debug.xcconfig"; path = "Pods/Target Support Files/Pods-watchOSsample WatchKit Extension/Pods-watchOSsample WatchKit Extension.debug.xcconfig"; sourceTree = "<group>"; };
/* End PBXFileReference section */

/* Begin PBXFrameworksBuildPhase section */
		A129F8BD1B2CA81600EBC1DD /* Frameworks */ = {
			isa = PBXFrameworksBuildPhase;
			buildActionMask = 2147483647;
			files = (
				5F50DC351F17FF7852F4BA21 /* Pods_watchOSsample.framework in Frameworks */,
			);
			runOnlyForDeploymentPostprocessing = 0;
		};
		A129F8DE1B2CA81600EBC1DD /* Frameworks */ = {
			isa = PBXFrameworksBuildPhase;
			buildActionMask = 2147483647;
			files = (
				6D0C5C2F296BA6DB2BBCE2C4 /* Pods_watchOSsample_WatchKit_Extension.framework in Frameworks */,
			);
			runOnlyForDeploymentPostprocessing = 0;
		};
		C0FFF303E05DCE2C96FF141A /* Frameworks */ = {
			isa = PBXFrameworksBuildPhase;
			buildActionMask = 2147483647;
			files = (
			);
			runOnlyForDeploymentPostprocessing = 0;
		};
/* End PBXFrameworksBuildPhase section */

/* Begin PBXGroup section */
		495152AC6CB52B79E10C7346 /* Frameworks */ = {
			isa = PBXGroup;
			children = (
				108D0996D34C4D5A7A17131D /* Pods_watchOSsample.framework */,
				00AFD3B965457E9B653FC4FA /* Pods_watchOSsample_WatchKit_Extension.framework */,
			);
			name = Frameworks;
			sourceTree = "<group>";
		};
		A129F8B71B2CA81600EBC1DD = {
			isa = PBXGroup;
			children = (
				A129F8C21B2CA81600EBC1DD /* watchOSsample */,
				A129F8D61B2CA81600EBC1DD /* watchOSsample WatchKit App */,
				A129F8E51B2CA81600EBC1DD /* watchOSsample WatchKit Extension */,
				A129F8C11B2CA81600EBC1DD /* Products */,
				ACAA2ECFC9FC8CB137432712 /* Pods */,
				495152AC6CB52B79E10C7346 /* Frameworks */,
			);
			sourceTree = "<group>";
		};
		A129F8C11B2CA81600EBC1DD /* Products */ = {
			isa = PBXGroup;
			children = (
				A129F8C01B2CA81600EBC1DD /* watchOSsample.app */,
				A129F8D21B2CA81600EBC1DD /* watchOSsample WatchKit App.app */,
				A129F8E11B2CA81600EBC1DD /* watchOSsample WatchKit Extension.appex */,
			);
			name = Products;
			sourceTree = "<group>";
		};
		A129F8C21B2CA81600EBC1DD /* watchOSsample */ = {
			isa = PBXGroup;
			children = (
				A129F8C31B2CA81600EBC1DD /* AppDelegate.swift */,
				A129F8C51B2CA81600EBC1DD /* ViewController.swift */,
				A129F8C71B2CA81600EBC1DD /* Main.storyboard */,
				A129F8CA1B2CA81600EBC1DD /* Assets.xcassets */,
				A129F8CC1B2CA81600EBC1DD /* LaunchScreen.storyboard */,
				A129F8CF1B2CA81600EBC1DD /* Info.plist */,
			);
			path = watchOSsample;
			sourceTree = "<group>";
		};
		A129F8D61B2CA81600EBC1DD /* watchOSsample WatchKit App */ = {
			isa = PBXGroup;
			children = (
				A129F8D71B2CA81600EBC1DD /* Interface.storyboard */,
				A129F8DA1B2CA81600EBC1DD /* Assets.xcassets */,
				A129F8DC1B2CA81600EBC1DD /* Info.plist */,
			);
			path = "watchOSsample WatchKit App";
			sourceTree = "<group>";
		};
		A129F8E51B2CA81600EBC1DD /* watchOSsample WatchKit Extension */ = {
			isa = PBXGroup;
			children = (
				A129F8E61B2CA81600EBC1DD /* InterfaceController.swift */,
				A129F8E81B2CA81700EBC1DD /* ExtensionDelegate.swift */,
				A129F8EA1B2CA81700EBC1DD /* Assets.xcassets */,
				A129F8EC1B2CA81700EBC1DD /* Info.plist */,
			);
			path = "watchOSsample WatchKit Extension";
			sourceTree = "<group>";
		};
		ACAA2ECFC9FC8CB137432712 /* Pods */ = {
			isa = PBXGroup;
			children = (
				0539203D9A659C81EF9E063E /* Pods-watchOSsample.debug.xcconfig */,
				1151D74A507123ACE9A5564D /* Pods-watchOSsample.release.xcconfig */,
				EBD748147ECAEBA7A0F882F7 /* Pods-watchOSsample WatchKit Extension.debug.xcconfig */,
				709FF953918764CB4BC0E00F /* Pods-watchOSsample WatchKit Extension.release.xcconfig */,
			);
			name = Pods;
			sourceTree = "<group>";
		};
/* End PBXGroup section */

/* Begin PBXNativeTarget section */
		A129F8BF1B2CA81600EBC1DD /* watchOSsample */ = {
			isa = PBXNativeTarget;
			buildConfigurationList = A129F8F71B2CA81700EBC1DD /* Build configuration list for PBXNativeTarget "watchOSsample" */;
			buildPhases = (
				925C5C12B2C79308316B8AE6 /* Check Pods Manifest.lock */,
				A129F8BC1B2CA81600EBC1DD /* Sources */,
				A129F8BD1B2CA81600EBC1DD /* Frameworks */,
				A129F8BE1B2CA81600EBC1DD /* Resources */,
				A129F8F61B2CA81700EBC1DD /* Embed Watch Content */,
				B5B3B53ED7A61B3EE8A1F13C /* Embed Pods Frameworks */,
				A02F1FC7A2F805FF6771BAA9 /* Copy Pods Resources */,
			);
			buildRules = (
			);
			dependencies = (
				A129F8D51B2CA81600EBC1DD /* PBXTargetDependency */,
			);
			name = watchOSsample;
			productName = watchOSsample;
			productReference = A129F8C01B2CA81600EBC1DD /* watchOSsample.app */;
			productType = "com.apple.product-type.application";
		};
		A129F8D11B2CA81600EBC1DD /* watchOSsample WatchKit App */ = {
			isa = PBXNativeTarget;
			buildConfigurationList = A129F8F31B2CA81700EBC1DD /* Build configuration list for PBXNativeTarget "watchOSsample WatchKit App" */;
			buildPhases = (
				A129F8D01B2CA81600EBC1DD /* Resources */,
				A129F8F21B2CA81700EBC1DD /* Embed App Extensions */,
				C0FFF303E05DCE2C96FF141A /* Frameworks */,
			);
			buildRules = (
			);
			dependencies = (
				A129F8E41B2CA81600EBC1DD /* PBXTargetDependency */,
			);
			name = "watchOSsample WatchKit App";
			productName = "watchOSsample WatchKit App";
			productReference = A129F8D21B2CA81600EBC1DD /* watchOSsample WatchKit App.app */;
			productType = "com.apple.product-type.application.watchapp2";
		};
		A129F8E01B2CA81600EBC1DD /* watchOSsample WatchKit Extension */ = {
			isa = PBXNativeTarget;
			buildConfigurationList = A129F8EF1B2CA81700EBC1DD /* Build configuration list for PBXNativeTarget "watchOSsample WatchKit Extension" */;
			buildPhases = (
				28DFA5A703347BF68C96482C /* Check Pods Manifest.lock */,
				A129F8DD1B2CA81600EBC1DD /* Sources */,
				A129F8DE1B2CA81600EBC1DD /* Frameworks */,
				A129F8DF1B2CA81600EBC1DD /* Resources */,
				082B1782364E86550A201AB7 /* Embed Pods Frameworks */,
				9DCCCB095DC08A3145D0895A /* Copy Pods Resources */,
			);
			buildRules = (
			);
			dependencies = (
			);
			name = "watchOSsample WatchKit Extension";
			productName = "watchOSsample WatchKit Extension";
			productReference = A129F8E11B2CA81600EBC1DD /* watchOSsample WatchKit Extension.appex */;
			productType = "com.apple.product-type.watchkit2-extension";
		};
/* End PBXNativeTarget section */

/* Begin PBXProject section */
		A129F8B81B2CA81600EBC1DD /* Project object */ = {
			isa = PBXProject;
			attributes = {
				LastUpgradeCheck = 0700;
				ORGANIZATIONNAME = "Boris Bügling";
				TargetAttributes = {
					A129F8BF1B2CA81600EBC1DD = {
						CreatedOnToolsVersion = 7.0;
					};
					A129F8D11B2CA81600EBC1DD = {
						CreatedOnToolsVersion = 7.0;
					};
					A129F8E01B2CA81600EBC1DD = {
						CreatedOnToolsVersion = 7.0;
					};
				};
			};
			buildConfigurationList = A129F8BB1B2CA81600EBC1DD /* Build configuration list for PBXProject "watchOSsample" */;
			compatibilityVersion = "Xcode 3.2";
			developmentRegion = English;
			hasScannedForEncodings = 0;
			knownRegions = (
				en,
				Base,
			);
			mainGroup = A129F8B71B2CA81600EBC1DD;
			productRefGroup = A129F8C11B2CA81600EBC1DD /* Products */;
			projectDirPath = "";
			projectRoot = "";
			targets = (
				A129F8BF1B2CA81600EBC1DD /* watchOSsample */,
				A129F8D11B2CA81600EBC1DD /* watchOSsample WatchKit App */,
				A129F8E01B2CA81600EBC1DD /* watchOSsample WatchKit Extension */,
			);
		};
/* End PBXProject section */

/* Begin PBXResourcesBuildPhase section */
		A129F8BE1B2CA81600EBC1DD /* Resources */ = {
			isa = PBXResourcesBuildPhase;
			buildActionMask = 2147483647;
			files = (
				A129F8CE1B2CA81600EBC1DD /* LaunchScreen.storyboard in Resources */,
				A129F8CB1B2CA81600EBC1DD /* Assets.xcassets in Resources */,
				A129F8C91B2CA81600EBC1DD /* Main.storyboard in Resources */,
			);
			runOnlyForDeploymentPostprocessing = 0;
		};
		A129F8D01B2CA81600EBC1DD /* Resources */ = {
			isa = PBXResourcesBuildPhase;
			buildActionMask = 2147483647;
			files = (
				A129F8DB1B2CA81600EBC1DD /* Assets.xcassets in Resources */,
				A129F8D91B2CA81600EBC1DD /* Interface.storyboard in Resources */,
			);
			runOnlyForDeploymentPostprocessing = 0;
		};
		A129F8DF1B2CA81600EBC1DD /* Resources */ = {
			isa = PBXResourcesBuildPhase;
			buildActionMask = 2147483647;
			files = (
				A129F8EB1B2CA81700EBC1DD /* Assets.xcassets in Resources */,
			);
			runOnlyForDeploymentPostprocessing = 0;
		};
/* End PBXResourcesBuildPhase section */

/* Begin PBXShellScriptBuildPhase section */
		082B1782364E86550A201AB7 /* Embed Pods Frameworks */ = {
			isa = PBXShellScriptBuildPhase;
			buildActionMask = 2147483647;
			files = (
			);
			inputPaths = (
			);
			name = "Embed Pods Frameworks";
			outputPaths = (
			);
			runOnlyForDeploymentPostprocessing = 0;
			shellPath = /bin/sh;
			shellScript = "\"${SRCROOT}/Pods/Target Support Files/Pods-watchOSsample WatchKit Extension/Pods-watchOSsample WatchKit Extension-frameworks.sh\"\n";
			showEnvVarsInLog = 0;
		};
		28DFA5A703347BF68C96482C /* Check Pods Manifest.lock */ = {
			isa = PBXShellScriptBuildPhase;
			buildActionMask = 2147483647;
			files = (
			);
			inputPaths = (
			);
			name = "Check Pods Manifest.lock";
			outputPaths = (
			);
			runOnlyForDeploymentPostprocessing = 0;
			shellPath = /bin/sh;
			shellScript = "diff \"${PODS_ROOT}/../Podfile.lock\" \"${PODS_ROOT}/Manifest.lock\" > /dev/null\nif [[ $? != 0 ]] ; then\n    cat << EOM\nerror: The sandbox is not in sync with the Podfile.lock. Run 'pod install' or update your CocoaPods installation.\nEOM\n    exit 1\nfi\n";
			showEnvVarsInLog = 0;
		};
		925C5C12B2C79308316B8AE6 /* Check Pods Manifest.lock */ = {
			isa = PBXShellScriptBuildPhase;
			buildActionMask = 2147483647;
			files = (
			);
			inputPaths = (
			);
			name = "Check Pods Manifest.lock";
			outputPaths = (
			);
			runOnlyForDeploymentPostprocessing = 0;
			shellPath = /bin/sh;
			shellScript = "diff \"${PODS_ROOT}/../Podfile.lock\" \"${PODS_ROOT}/Manifest.lock\" > /dev/null\nif [[ $? != 0 ]] ; then\n    cat << EOM\nerror: The sandbox is not in sync with the Podfile.lock. Run 'pod install' or update your CocoaPods installation.\nEOM\n    exit 1\nfi\n";
			showEnvVarsInLog = 0;
		};
		9DCCCB095DC08A3145D0895A /* Copy Pods Resources */ = {
			isa = PBXShellScriptBuildPhase;
			buildActionMask = 2147483647;
			files = (
			);
			inputPaths = (
			);
			name = "Copy Pods Resources";
			outputPaths = (
			);
			runOnlyForDeploymentPostprocessing = 0;
			shellPath = /bin/sh;
			shellScript = "\"${SRCROOT}/Pods/Target Support Files/Pods-watchOSsample WatchKit Extension/Pods-watchOSsample WatchKit Extension-resources.sh\"\n";
			showEnvVarsInLog = 0;
		};
		A02F1FC7A2F805FF6771BAA9 /* Copy Pods Resources */ = {
			isa = PBXShellScriptBuildPhase;
			buildActionMask = 2147483647;
			files = (
			);
			inputPaths = (
			);
			name = "Copy Pods Resources";
			outputPaths = (
			);
			runOnlyForDeploymentPostprocessing = 0;
			shellPath = /bin/sh;
			shellScript = "\"${SRCROOT}/Pods/Target Support Files/Pods-watchOSsample/Pods-watchOSsample-resources.sh\"\n";
			showEnvVarsInLog = 0;
		};
		B5B3B53ED7A61B3EE8A1F13C /* Embed Pods Frameworks */ = {
			isa = PBXShellScriptBuildPhase;
			buildActionMask = 2147483647;
			files = (
			);
			inputPaths = (
			);
			name = "Embed Pods Frameworks";
			outputPaths = (
			);
			runOnlyForDeploymentPostprocessing = 0;
			shellPath = /bin/sh;
			shellScript = "\"${SRCROOT}/Pods/Target Support Files/Pods-watchOSsample/Pods-watchOSsample-frameworks.sh\"\n";
			showEnvVarsInLog = 0;
		};
/* End PBXShellScriptBuildPhase section */

/* Begin PBXSourcesBuildPhase section */
		A129F8BC1B2CA81600EBC1DD /* Sources */ = {
			isa = PBXSourcesBuildPhase;
			buildActionMask = 2147483647;
			files = (
				A129F8C61B2CA81600EBC1DD /* ViewController.swift in Sources */,
				A129F8C41B2CA81600EBC1DD /* AppDelegate.swift in Sources */,
			);
			runOnlyForDeploymentPostprocessing = 0;
		};
		A129F8DD1B2CA81600EBC1DD /* Sources */ = {
			isa = PBXSourcesBuildPhase;
			buildActionMask = 2147483647;
			files = (
				A129F8E91B2CA81700EBC1DD /* ExtensionDelegate.swift in Sources */,
				A129F8E71B2CA81600EBC1DD /* InterfaceController.swift in Sources */,
			);
			runOnlyForDeploymentPostprocessing = 0;
		};
/* End PBXSourcesBuildPhase section */

/* Begin PBXTargetDependency section */
		A129F8D51B2CA81600EBC1DD /* PBXTargetDependency */ = {
			isa = PBXTargetDependency;
			target = A129F8D11B2CA81600EBC1DD /* watchOSsample WatchKit App */;
			targetProxy = A129F8D41B2CA81600EBC1DD /* PBXContainerItemProxy */;
		};
		A129F8E41B2CA81600EBC1DD /* PBXTargetDependency */ = {
			isa = PBXTargetDependency;
			target = A129F8E01B2CA81600EBC1DD /* watchOSsample WatchKit Extension */;
			targetProxy = A129F8E31B2CA81600EBC1DD /* PBXContainerItemProxy */;
		};
/* End PBXTargetDependency section */

/* Begin PBXVariantGroup section */
		A129F8C71B2CA81600EBC1DD /* Main.storyboard */ = {
			isa = PBXVariantGroup;
			children = (
				A129F8C81B2CA81600EBC1DD /* Base */,
			);
			name = Main.storyboard;
			sourceTree = "<group>";
		};
		A129F8CC1B2CA81600EBC1DD /* LaunchScreen.storyboard */ = {
			isa = PBXVariantGroup;
			children = (
				A129F8CD1B2CA81600EBC1DD /* Base */,
			);
			name = LaunchScreen.storyboard;
			sourceTree = "<group>";
		};
		A129F8D71B2CA81600EBC1DD /* Interface.storyboard */ = {
			isa = PBXVariantGroup;
			children = (
				A129F8D81B2CA81600EBC1DD /* Base */,
			);
			name = Interface.storyboard;
			sourceTree = "<group>";
		};
/* End PBXVariantGroup section */

/* Begin XCBuildConfiguration section */
		A129F8ED1B2CA81700EBC1DD /* Debug */ = {
			isa = XCBuildConfiguration;
			buildSettings = {
				ALWAYS_SEARCH_USER_PATHS = NO;
				CLANG_CXX_LANGUAGE_STANDARD = "gnu++0x";
				CLANG_CXX_LIBRARY = "libc++";
				CLANG_ENABLE_MODULES = YES;
				CLANG_ENABLE_OBJC_ARC = YES;
				CLANG_WARN_BOOL_CONVERSION = YES;
				CLANG_WARN_CONSTANT_CONVERSION = YES;
				CLANG_WARN_DIRECT_OBJC_ISA_USAGE = YES_ERROR;
				CLANG_WARN_EMPTY_BODY = YES;
				CLANG_WARN_ENUM_CONVERSION = YES;
				CLANG_WARN_INT_CONVERSION = YES;
				CLANG_WARN_OBJC_ROOT_CLASS = YES_ERROR;
				CLANG_WARN_UNREACHABLE_CODE = YES;
				CLANG_WARN__DUPLICATE_METHOD_MATCH = YES;
				"CODE_SIGN_IDENTITY[sdk=iphoneos*]" = "iPhone Developer";
				COPY_PHASE_STRIP = NO;
				DEBUG_INFORMATION_FORMAT = dwarf;
				ENABLE_STRICT_OBJC_MSGSEND = YES;
				ENABLE_TESTABILITY = YES;
				GCC_C_LANGUAGE_STANDARD = gnu99;
				GCC_DYNAMIC_NO_PIC = NO;
				GCC_NO_COMMON_BLOCKS = YES;
				GCC_OPTIMIZATION_LEVEL = 0;
				GCC_PREPROCESSOR_DEFINITIONS = (
					"DEBUG=1",
					"$(inherited)",
				);
				GCC_WARN_64_TO_32_BIT_CONVERSION = YES;
				GCC_WARN_ABOUT_RETURN_TYPE = YES_ERROR;
				GCC_WARN_UNDECLARED_SELECTOR = YES;
				GCC_WARN_UNINITIALIZED_AUTOS = YES_AGGRESSIVE;
				GCC_WARN_UNUSED_FUNCTION = YES;
				GCC_WARN_UNUSED_VARIABLE = YES;
				IPHONEOS_DEPLOYMENT_TARGET = 9.0;
				MTL_ENABLE_DEBUG_INFO = YES;
				ONLY_ACTIVE_ARCH = YES;
				SDKROOT = iphoneos;
				SWIFT_OPTIMIZATION_LEVEL = "-Onone";
			};
			name = Debug;
		};
		A129F8EE1B2CA81700EBC1DD /* Release */ = {
			isa = XCBuildConfiguration;
			buildSettings = {
				ALWAYS_SEARCH_USER_PATHS = NO;
				CLANG_CXX_LANGUAGE_STANDARD = "gnu++0x";
				CLANG_CXX_LIBRARY = "libc++";
				CLANG_ENABLE_MODULES = YES;
				CLANG_ENABLE_OBJC_ARC = YES;
				CLANG_WARN_BOOL_CONVERSION = YES;
				CLANG_WARN_CONSTANT_CONVERSION = YES;
				CLANG_WARN_DIRECT_OBJC_ISA_USAGE = YES_ERROR;
				CLANG_WARN_EMPTY_BODY = YES;
				CLANG_WARN_ENUM_CONVERSION = YES;
				CLANG_WARN_INT_CONVERSION = YES;
				CLANG_WARN_OBJC_ROOT_CLASS = YES_ERROR;
				CLANG_WARN_UNREACHABLE_CODE = YES;
				CLANG_WARN__DUPLICATE_METHOD_MATCH = YES;
				"CODE_SIGN_IDENTITY[sdk=iphoneos*]" = "iPhone Developer";
				COPY_PHASE_STRIP = NO;
				DEBUG_INFORMATION_FORMAT = "dwarf-with-dsym";
				ENABLE_NS_ASSERTIONS = NO;
				ENABLE_STRICT_OBJC_MSGSEND = YES;
				GCC_C_LANGUAGE_STANDARD = gnu99;
				GCC_NO_COMMON_BLOCKS = YES;
				GCC_WARN_64_TO_32_BIT_CONVERSION = YES;
				GCC_WARN_ABOUT_RETURN_TYPE = YES_ERROR;
				GCC_WARN_UNDECLARED_SELECTOR = YES;
				GCC_WARN_UNINITIALIZED_AUTOS = YES_AGGRESSIVE;
				GCC_WARN_UNUSED_FUNCTION = YES;
				GCC_WARN_UNUSED_VARIABLE = YES;
				IPHONEOS_DEPLOYMENT_TARGET = 9.0;
				MTL_ENABLE_DEBUG_INFO = NO;
				SDKROOT = iphoneos;
				VALIDATE_PRODUCT = YES;
			};
			name = Release;
		};
		A129F8F01B2CA81700EBC1DD /* Debug */ = {
			isa = XCBuildConfiguration;
			baseConfigurationReference = EBD748147ECAEBA7A0F882F7 /* Pods-watchOSsample WatchKit Extension.debug.xcconfig */;
			buildSettings = {
				"CODE_SIGN_IDENTITY[sdk=watchos*]" = "iPhone Developer";
				INFOPLIST_FILE = "watchOSsample WatchKit Extension/Info.plist";
				LD_RUNPATH_SEARCH_PATHS = "$(inherited) @executable_path/Frameworks @executable_path/../../Frameworks";
				PRODUCT_BUNDLE_IDENTIFIER = org.vu0.watchOSsample.watchkitapp.watchkitextension;
				PRODUCT_NAME = "${TARGET_NAME}";
				SDKROOT = watchos;
				SKIP_INSTALL = YES;
				TARGETED_DEVICE_FAMILY = 4;
				WATCHOS_DEPLOYMENT_TARGET = 2.0;
			};
			name = Debug;
		};
		A129F8F11B2CA81700EBC1DD /* Release */ = {
			isa = XCBuildConfiguration;
			baseConfigurationReference = 709FF953918764CB4BC0E00F /* Pods-watchOSsample WatchKit Extension.release.xcconfig */;
			buildSettings = {
				"CODE_SIGN_IDENTITY[sdk=watchos*]" = "iPhone Developer";
				INFOPLIST_FILE = "watchOSsample WatchKit Extension/Info.plist";
				LD_RUNPATH_SEARCH_PATHS = "$(inherited) @executable_path/Frameworks @executable_path/../../Frameworks";
				PRODUCT_BUNDLE_IDENTIFIER = org.vu0.watchOSsample.watchkitapp.watchkitextension;
				PRODUCT_NAME = "${TARGET_NAME}";
				SDKROOT = watchos;
				SKIP_INSTALL = YES;
				TARGETED_DEVICE_FAMILY = 4;
				WATCHOS_DEPLOYMENT_TARGET = 2.0;
			};
			name = Release;
		};
		A129F8F41B2CA81700EBC1DD /* Debug */ = {
			isa = XCBuildConfiguration;
			buildSettings = {
				ASSETCATALOG_COMPILER_APPICON_NAME = AppIcon;
				"CODE_SIGN_IDENTITY[sdk=watchos*]" = "iPhone Developer";
				EMBEDDED_CONTENT_CONTAINS_SWIFT = YES;
				IBSC_MODULE = watchOSsample_WatchKit_Extension;
				INFOPLIST_FILE = "watchOSsample WatchKit App/Info.plist";
				PRODUCT_BUNDLE_IDENTIFIER = org.vu0.watchOSsample.watchkitapp;
				PRODUCT_NAME = "$(TARGET_NAME)";
				SDKROOT = watchos;
				SKIP_INSTALL = YES;
				TARGETED_DEVICE_FAMILY = 4;
				WATCHOS_DEPLOYMENT_TARGET = 2.0;
			};
			name = Debug;
		};
		A129F8F51B2CA81700EBC1DD /* Release */ = {
			isa = XCBuildConfiguration;
			buildSettings = {
				ASSETCATALOG_COMPILER_APPICON_NAME = AppIcon;
				"CODE_SIGN_IDENTITY[sdk=watchos*]" = "iPhone Developer";
				EMBEDDED_CONTENT_CONTAINS_SWIFT = YES;
				IBSC_MODULE = watchOSsample_WatchKit_Extension;
				INFOPLIST_FILE = "watchOSsample WatchKit App/Info.plist";
				PRODUCT_BUNDLE_IDENTIFIER = org.vu0.watchOSsample.watchkitapp;
				PRODUCT_NAME = "$(TARGET_NAME)";
				SDKROOT = watchos;
				SKIP_INSTALL = YES;
				TARGETED_DEVICE_FAMILY = 4;
				WATCHOS_DEPLOYMENT_TARGET = 2.0;
			};
			name = Release;
		};
		A129F8F81B2CA81700EBC1DD /* Debug */ = {
			isa = XCBuildConfiguration;
			baseConfigurationReference = 0539203D9A659C81EF9E063E /* Pods-watchOSsample.debug.xcconfig */;
			buildSettings = {
				ASSETCATALOG_COMPILER_APPICON_NAME = AppIcon;
				INFOPLIST_FILE = watchOSsample/Info.plist;
				LD_RUNPATH_SEARCH_PATHS = "$(inherited) @executable_path/Frameworks";
				PRODUCT_BUNDLE_IDENTIFIER = org.vu0.watchOSsample;
				PRODUCT_NAME = "$(TARGET_NAME)";
			};
			name = Debug;
		};
		A129F8F91B2CA81700EBC1DD /* Release */ = {
			isa = XCBuildConfiguration;
			baseConfigurationReference = 1151D74A507123ACE9A5564D /* Pods-watchOSsample.release.xcconfig */;
			buildSettings = {
				ASSETCATALOG_COMPILER_APPICON_NAME = AppIcon;
				INFOPLIST_FILE = watchOSsample/Info.plist;
				LD_RUNPATH_SEARCH_PATHS = "$(inherited) @executable_path/Frameworks";
				PRODUCT_BUNDLE_IDENTIFIER = org.vu0.watchOSsample;
				PRODUCT_NAME = "$(TARGET_NAME)";
			};
			name = Release;
		};
/* End XCBuildConfiguration section */

/* Begin XCConfigurationList section */
		A129F8BB1B2CA81600EBC1DD /* Build configuration list for PBXProject "watchOSsample" */ = {
			isa = XCConfigurationList;
			buildConfigurations = (
				A129F8ED1B2CA81700EBC1DD /* Debug */,
				A129F8EE1B2CA81700EBC1DD /* Release */,
			);
			defaultConfigurationIsVisible = 0;
			defaultConfigurationName = Release;
		};
		A129F8EF1B2CA81700EBC1DD /* Build configuration list for PBXNativeTarget "watchOSsample WatchKit Extension" */ = {
			isa = XCConfigurationList;
			buildConfigurations = (
				A129F8F01B2CA81700EBC1DD /* Debug */,
				A129F8F11B2CA81700EBC1DD /* Release */,
			);
			defaultConfigurationIsVisible = 0;
			defaultConfigurationName = Release;
		};
		A129F8F31B2CA81700EBC1DD /* Build configuration list for PBXNativeTarget "watchOSsample WatchKit App" */ = {
			isa = XCConfigurationList;
			buildConfigurations = (
				A129F8F41B2CA81700EBC1DD /* Debug */,
				A129F8F51B2CA81700EBC1DD /* Release */,
			);
			defaultConfigurationIsVisible = 0;
			defaultConfigurationName = Release;
		};
		A129F8F71B2CA81700EBC1DD /* Build configuration list for PBXNativeTarget "watchOSsample" */ = {
			isa = XCConfigurationList;
			buildConfigurations = (
				A129F8F81B2CA81700EBC1DD /* Debug */,
				A129F8F91B2CA81700EBC1DD /* Release */,
			);
			defaultConfigurationIsVisible = 0;
			defaultConfigurationName = Release;
		};
/* End XCConfigurationList section */
	};
	rootObject = A129F8B81B2CA81600EBC1DD /* Project object */;
}
